
Microsoft Visual Studio Solution File, Format Version 12.00
# Visual Studio Version 17
VisualStudioVersion = 17.0.31903.59
MinimumVisualStudioVersion = 10.0.40219.1
Project("{FAE04EC0-301F-11D3-BF4B-00C04F79EFBC}") = "LevelOne", "LevelOne\LevelOne.csproj", "{6E8C54BC-026E-4CE0-BC53-F53711D15078}"
EndProject
Project("{FAE04EC0-301F-11D3-BF4B-00C04F79EFBC}") = "SoGoodLib", "SoGoodLib\SoGoodLib.csproj", "{B02894A0-441C-49C4-98DD-678B7F5277D9}"
EndProject
Global
	GlobalSection(SolutionConfigurationPlatforms) = preSolution
		Debug|Any CPU = Debug|Any CPU
		Release|Any CPU = Release|Any CPU
	EndGlobalSection
	GlobalSection(SolutionProperties) = preSolution
		HideSolutionNode = FALSE
	EndGlobalSection
	GlobalSection(ProjectConfigurationPlatforms) = postSolution
		{6E8C54BC-026E-4CE0-BC53-F53711D15078}.Debug|Any CPU.ActiveCfg = Debug|Any CPU
		{6E8C54BC-026E-4CE0-BC53-F53711D15078}.Debug|Any CPU.Build.0 = Debug|Any CPU
		{6E8C54BC-026E-4CE0-BC53-F53711D15078}.Release|Any CPU.ActiveCfg = Release|Any CPU
		{6E8C54BC-026E-4CE0-BC53-F53711D15078}.Release|Any CPU.Build.0 = Release|Any CPU
		{B02894A0-441C-49C4-98DD-678B7F5277D9}.Debug|Any CPU.ActiveCfg = Debug|Any CPU
		{B02894A0-441C-49C4-98DD-678B7F5277D9}.Debug|Any CPU.Build.0 = Debug|Any CPU
		{B02894A0-441C-49C4-98DD-678B7F5277D9}.Release|Any CPU.ActiveCfg = Release|Any CPU
		{B02894A0-441C-49C4-98DD-678B7F5277D9}.Release|Any CPU.Build.0 = Release|Any CPU
	EndGlobalSection
EndGlobal
