Microsoft Visual Studio Solution File, Format Version 12.00
# Visual Studio Version 17
VisualStudioVersion = 17.5.2.0
MinimumVisualStudioVersion = 10.0.40219.1
Project("{FAE04EC0-301F-11D3-BF4B-00C04F79EFBC}") = "LevelOne", "LevelOne.csproj", "{7AC85F1D-B97F-2203-3E29-842A40FFB207}"
EndProject
Global
	GlobalSection(SolutionConfigurationPlatforms) = preSolution
		Debug|Any CPU = Debug|Any CPU
		Release|Any CPU = Release|Any CPU
	EndGlobalSection
	GlobalSection(ProjectConfigurationPlatforms) = postSolution
		{7AC85F1D-B97F-2203-3E29-842A40FFB207}.Debug|Any CPU.ActiveCfg = Debug|Any CPU
		{7AC85F1D-B97F-2203-3E29-842A40FFB207}.Debug|Any CPU.Build.0 = Debug|Any CPU
		{7AC85F1D-B97F-2203-3E29-842A40FFB207}.Release|Any CPU.ActiveCfg = Release|Any CPU
		{7AC85F1D-B97F-2203-3E29-842A40FFB207}.Release|Any CPU.Build.0 = Release|Any CPU
	EndGlobalSection
	GlobalSection(SolutionProperties) = preSolution
		HideSolutionNode = FALSE
	EndGlobalSection
	GlobalSection(ExtensibilityGlobals) = postSolution
		SolutionGuid = {FA50F11A-A0B9-437A-94A7-A30A33B1893B}
	EndGlobalSection
EndGlobal
